# Generated by buf. DO NOT EDIT.
version: v2
deps:
  - name: buf.build/googleapis/googleapis
    commit: e9fcfb66f77242e5b8fd4564d7a01033
    digest: b5:88319861f1e8014c4ca02b9fcc08c0cfe5a08ba518e9f66ce8b8c115895165e2bb579e84c3b8fd18b440c4217e8c426bc25f7edc60d00352924fbbbe871ead01
  - name: buf.build/grpc-ecosystem/grpc-gateway
    commit: bc28b723cd774c32b6fbc77621518765
    digest: b5:a613f827fa6ff35a4f5e87e80e35ac6b35e5792cc9c5a658351072777d88c6d4df785a0c14889090db11667cf5463d122c7193b3719c7861d3e5747c22ce1381
